{
  "version": 4,
  "terraform_version": "1.1.7",
  "serial": 15,
  "lineage": "d5cb8efd-83a1-ae60-3baa-7c65b743e999",
  "outputs": {
    "oci_vcn_id": {
      "value": "ocid1.vcn.oc1.ap-mumbai-1.amaaaaaast4yreiagv7kxilfxt3h2xxwdyhszyt5kee6ddrb75ocqjy2nfqq",
      "type": "string"
    }
  },
  "resources": [
    {
      "mode": "managed",
      "type": "oci_core_subnet",
      "name": "semaphore_vcn_subnet",
      "provider": "provider[\"registry.terraform.io/hashicorp/oci\"]",
      "instances": [
        {
          "schema_version": 0,
          "attributes": {
            "availability_domain": null,
            "cidr_block": "172.16.0.0/24",
            "compartment_id": "ocid1.tenancy.oc1..aaaaaaaavihzvsu7c753jcygldxtcw5s7nfosydqep2ld2nxj5p3fewityya",
            "defined_tags": {
              "Oracle-Tags.CreatedBy": "default/hardik.sheth1717@gmail.com",
              "Oracle-Tags.CreatedOn": "2022-04-16T06:25:41.154Z"
            },
            "dhcp_options_id": "ocid1.dhcpoptions.oc1.ap-mumbai-1.aaaaaaaalzbii4saikg5yw23ihor664dndrkb45mzgdwf4w2wtwr3nohfsqq",
            "display_name": "Subnet 2",
            "dns_label": "dev",
            "freeform_tags": {},
            "id": "ocid1.subnet.oc1.ap-mumbai-1.aaaaaaaamvq6t3how5nxand6punztrvpmbbnsssmizudnvstljbj4clnut2a",
            "ipv6cidr_block": null,
            "ipv6cidr_blocks": [],
            "ipv6virtual_router_ip": null,
            "prohibit_internet_ingress": true,
            "prohibit_public_ip_on_vnic": true,
            "route_table_id": "ocid1.routetable.oc1.ap-mumbai-1.aaaaaaaaft6yesbcebcl6wlb453x453ln7rouphvvy6qhwthpsjmoikjhwba",
            "security_list_ids": [
              "ocid1.securitylist.oc1.ap-mumbai-1.aaaaaaaawtoim57lzbhmlckrmio2dtlk5bumy6qfpeyv4xoq77ql3w4cufpa"
            ],
            "state": "UPDATING",
            "subnet_domain_name": "dev.internal.oraclevcn.com",
            "time_created": "2022-04-16 06:25:41.241 +0000 UTC",
            "timeouts": null,
            "vcn_id": "ocid1.vcn.oc1.ap-mumbai-1.amaaaaaast4yreiagv7kxilfxt3h2xxwdyhszyt5kee6ddrb75ocqjy2nfqq",
            "virtual_router_ip": "172.16.0.1",
            "virtual_router_mac": "00:00:17:56:EB:1A"
          },
          "sensitive_attributes": [],
          "private": "eyJlMmJmYjczMC1lY2FhLTExZTYtOGY4OC0zNDM2M2JjN2M0YzAiOnsiY3JlYXRlIjoxMjAwMDAwMDAwMDAwLCJkZWxldGUiOjEyMDAwMDAwMDAwMDAsInVwZGF0ZSI6MTIwMDAwMDAwMDAwMH19",
          "dependencies": [
            "oci_core_vcn.semaphore_vcn"
          ]
        }
      ]
    },
    {
      "mode": "managed",
      "type": "oci_core_vcn",
      "name": "semaphore_vcn",
      "provider": "provider[\"registry.terraform.io/hashicorp/oci\"]",
      "instances": [
        {
          "schema_version": 0,
          "attributes": {
            "byoipv6cidr_blocks": [],
            "byoipv6cidr_details": [],
            "cidr_block": "172.16.0.0/20",
            "cidr_blocks": [
              "172.16.0.0/20"
            ],
            "compartment_id": "ocid1.tenancy.oc1..aaaaaaaavihzvsu7c753jcygldxtcw5s7nfosydqep2ld2nxj5p3fewityya",
            "default_dhcp_options_id": "ocid1.dhcpoptions.oc1.ap-mumbai-1.aaaaaaaalzbii4saikg5yw23ihor664dndrkb45mzgdwf4w2wtwr3nohfsqq",
            "default_route_table_id": "ocid1.routetable.oc1.ap-mumbai-1.aaaaaaaaft6yesbcebcl6wlb453x453ln7rouphvvy6qhwthpsjmoikjhwba",
            "default_security_list_id": "ocid1.securitylist.oc1.ap-mumbai-1.aaaaaaaawtoim57lzbhmlckrmio2dtlk5bumy6qfpeyv4xoq77ql3w4cufpa",
            "defined_tags": {
              "Oracle-Tags.CreatedBy": "default/hardik.sheth1717@gmail.com",
              "Oracle-Tags.CreatedOn": "2022-04-16T06:25:40.341Z"
            },
            "display_name": "VCN 2",
            "dns_label": "internal",
            "freeform_tags": {},
            "id": "ocid1.vcn.oc1.ap-mumbai-1.amaaaaaast4yreiagv7kxilfxt3h2xxwdyhszyt5kee6ddrb75ocqjy2nfqq",
            "ipv6cidr_blocks": [],
            "ipv6private_cidr_blocks": [],
            "is_ipv6enabled": false,
            "is_oracle_gua_allocation_enabled": null,
            "state": "AVAILABLE",
            "time_created": "2022-04-16 06:25:40.458 +0000 UTC",
            "timeouts": null,
            "vcn_domain_name": "internal.oraclevcn.com"
          },
          "sensitive_attributes": [],
          "private": "eyJlMmJmYjczMC1lY2FhLTExZTYtOGY4OC0zNDM2M2JjN2M0YzAiOnsiY3JlYXRlIjoxMjAwMDAwMDAwMDAwLCJkZWxldGUiOjEyMDAwMDAwMDAwMDAsInVwZGF0ZSI6MTIwMDAwMDAwMDAwMH19"
        }
      ]
    }
  ]
}
